// !$*UTF8*$!
{
	archiveVersion = 1;
	classes = {
	};
	objectVersion = 46;
	objects = {

/* Begin PBXBuildFile section */
		7FF29478197256DF00124733 /* AppDelegate.swift in Sources */ = {isa = PBXBuildFile; fileRef = 7FF29477197256DF00124733 /* AppDelegate.swift */; };
		7FF2947A197256E000124733 /* ViewController.swift in Sources */ = {isa = PBXBuildFile; fileRef = 7FF29479197256E000124733 /* ViewController.swift */; };
		7FF2947D197256E000124733 /* Main.storyboard in Resources */ = {isa = PBXBuildFile; fileRef = 7FF2947B197256E000124733 /* Main.storyboard */; };
		7FF2947F197256E000124733 /* Images.xcassets in Resources */ = {isa = PBXBuildFile; fileRef = 7FF2947E197256E000124733 /* Images.xcassets */; };
		7FF2948B197256E000124733 /* MarcoPolloTests.swift in Sources */ = {isa = PBXBuildFile; fileRef = 7FF2948A197256E000124733 /* MarcoPolloTests.swift */; };
		7FF294951972652100124733 /* Social.framework in Frameworks */ = {isa = PBXBuildFile; fileRef = 7FF294941972652100124733 /* Social.framework */; };
		7FF294971972652C00124733 /* CoreGraphics.framework in Frameworks */ = {isa = PBXBuildFile; fileRef = 7FF294961972652C00124733 /* CoreGraphics.framework */; };
		7FF294991972654000124733 /* UIKit.framework in Frameworks */ = {isa = PBXBuildFile; fileRef = 7FF294981972654000124733 /* UIKit.framework */; };
		7FF2949B1972654D00124733 /* Foundation.framework in Frameworks */ = {isa = PBXBuildFile; fileRef = 7FF2949A1972654D00124733 /* Foundation.framework */; };
/* End PBXBuildFile section */

/* Begin PBXContainerItemProxy section */
		7FF29485197256E000124733 /* PBXContainerItemProxy */ = {
			isa = PBXContainerItemProxy;
			containerPortal = 7FF2946A197256DF00124733 /* Project object */;
			proxyType = 1;
			remoteGlobalIDString = 7FF29471197256DF00124733;
			remoteInfo = MarcoPollo;
		};
/* End PBXContainerItemProxy section */

/* Begin PBXFileReference section */
		7FF29472197256DF00124733 /* MarcoPollo.app */ = {isa = PBXFileReference; explicitFileType = wrapper.application; includeInIndex = 0; path = MarcoPollo.app; sourceTree = BUILT_PRODUCTS_DIR; };
		7FF29476197256DF00124733 /* Info.plist */ = {isa = PBXFileReference; lastKnownFileType = text.plist.xml; path = Info.plist; sourceTree = "<group>"; };
		7FF29477197256DF00124733 /* AppDelegate.swift */ = {isa = PBXFileReference; lastKnownFileType = sourcecode.swift; path = AppDelegate.swift; sourceTree = "<group>"; };
		7FF29479197256E000124733 /* ViewController.swift */ = {isa = PBXFileReference; lastKnownFileType = sourcecode.swift; path = ViewController.swift; sourceTree = "<group>"; };
		7FF2947C197256E000124733 /* Base */ = {isa = PBXFileReference; lastKnownFileType = file.storyboard; name = Base; path = Base.lproj/Main.storyboard; sourceTree = "<group>"; };
		7FF2947E197256E000124733 /* Images.xcassets */ = {isa = PBXFileReference; lastKnownFileType = folder.assetcatalog; path = Images.xcassets; sourceTree = "<group>"; };
		7FF29484197256E000124733 /* MarcoPolloTests.xctest */ = {isa = PBXFileReference; explicitFileType = wrapper.cfbundle; includeInIndex = 0; path = MarcoPolloTests.xctest; sourceTree = BUILT_PRODUCTS_DIR; };
		7FF29489197256E000124733 /* Info.plist */ = {isa = PBXFileReference; lastKnownFileType = text.plist.xml; path = Info.plist; sourceTree = "<group>"; };
		7FF2948A197256E000124733 /* MarcoPolloTests.swift */ = {isa = PBXFileReference; lastKnownFileType = sourcecode.swift; path = MarcoPolloTests.swift; sourceTree = "<group>"; };
		7FF294941972652100124733 /* Social.framework */ = {isa = PBXFileReference; lastKnownFileType = wrapper.framework; name = Social.framework; path = System/Library/Frameworks/Social.framework; sourceTree = SDKROOT; };
		7FF294961972652C00124733 /* CoreGraphics.framework */ = {isa = PBXFileReference; lastKnownFileType = wrapper.framework; name = CoreGraphics.framework; path = System/Library/Frameworks/CoreGraphics.framework; sourceTree = SDKROOT; };
		7FF294981972654000124733 /* UIKit.framework */ = {isa = PBXFileReference; lastKnownFileType = wrapper.framework; name = UIKit.framework; path = System/Library/Frameworks/UIKit.framework; sourceTree = SDKROOT; };
		7FF2949A1972654D00124733 /* Foundation.framework */ = {isa = PBXFileReference; lastKnownFileType = wrapper.framework; name = Foundation.framework; path = System/Library/Frameworks/Foundation.framework; sourceTree = SDKROOT; };
/* End PBXFileReference section */

/* Begin PBXFrameworksBuildPhase section */
		7FF2946F197256DF00124733 /* Frameworks */ = {
			isa = PBXFrameworksBuildPhase;
			buildActionMask = 2147483647;
			files = (
				7FF2949B1972654D00124733 /* Foundation.framework in Frameworks */,
				7FF294991972654000124733 /* UIKit.framework in Frameworks */,
				7FF294971972652C00124733 /* CoreGraphics.framework in Frameworks */,
				7FF294951972652100124733 /* Social.framework in Frameworks */,
			);
			runOnlyForDeploymentPostprocessing = 0;
		};
		7FF29481197256E000124733 /* Frameworks */ = {
			isa = PBXFrameworksBuildPhase;
			buildActionMask = 2147483647;
			files = (
			);
			runOnlyForDeploymentPostprocessing = 0;
		};
/* End PBXFrameworksBuildPhase section */

/* Begin PBXGroup section */
		7FF29469197256DF00124733 = {
			isa = PBXGroup;
			children = (
				7FF2949A1972654D00124733 /* Foundation.framework */,
				7FF294981972654000124733 /* UIKit.framework */,
				7FF294961972652C00124733 /* CoreGraphics.framework */,
				7FF294941972652100124733 /* Social.framework */,
				7FF29474197256DF00124733 /* MarcoPollo */,
				7FF29487197256E000124733 /* MarcoPolloTests */,
				7FF29473197256DF00124733 /* Products */,
			);
			sourceTree = "<group>";
		};
		7FF29473197256DF00124733 /* Products */ = {
			isa = PBXGroup;
			children = (
				7FF29472197256DF00124733 /* MarcoPollo.app */,
				7FF29484197256E000124733 /* MarcoPolloTests.xctest */,
			);
			name = Products;
			sourceTree = "<group>";
		};
		7FF29474197256DF00124733 /* MarcoPollo */ = {
			isa = PBXGroup;
			children = (
				7FF29477197256DF00124733 /* AppDelegate.swift */,
				7FF29479197256E000124733 /* ViewController.swift */,
				7FF2947B197256E000124733 /* Main.storyboard */,
				7FF2947E197256E000124733 /* Images.xcassets */,
				7FF29475197256DF00124733 /* Supporting Files */,
			);
			path = MarcoPollo;
			sourceTree = "<group>";
		};
		7FF29475197256DF00124733 /* Supporting Files */ = {
			isa = PBXGroup;
			children = (
				7FF29476197256DF00124733 /* Info.plist */,
			);
			name = "Supporting Files";
			sourceTree = "<group>";
		};
		7FF29487197256E000124733 /* MarcoPolloTests */ = {
			isa = PBXGroup;
			children = (
				7FF2948A197256E000124733 /* MarcoPolloTests.swift */,
				7FF29488197256E000124733 /* Supporting Files */,
			);
			path = MarcoPolloTests;
			sourceTree = "<group>";
		};
		7FF29488197256E000124733 /* Supporting Files */ = {
			isa = PBXGroup;
			children = (
				7FF29489197256E000124733 /* Info.plist */,
			);
			name = "Supporting Files";
			sourceTree = "<group>";
		};
/* End PBXGroup section */

/* Begin PBXNativeTarget section */
		7FF29471197256DF00124733 /* MarcoPollo */ = {
			isa = PBXNativeTarget;
			buildConfigurationList = 7FF2948E197256E000124733 /* Build configuration list for PBXNativeTarget "MarcoPollo" */;
			buildPhases = (
				7FF2946E197256DF00124733 /* Sources */,
				7FF2946F197256DF00124733 /* Frameworks */,
				7FF29470197256DF00124733 /* Resources */,
			);
			buildRules = (
			);
			dependencies = (
			);
			name = MarcoPollo;
			productName = MarcoPollo;
			productReference = 7FF29472197256DF00124733 /* MarcoPollo.app */;
			productType = "com.apple.product-type.application";
		};
		7FF29483197256E000124733 /* MarcoPolloTests */ = {
			isa = PBXNativeTarget;
			buildConfigurationList = 7FF29491197256E000124733 /* Build configuration list for PBXNativeTarget "MarcoPolloTests" */;
			buildPhases = (
				7FF29480197256E000124733 /* Sources */,
				7FF29481197256E000124733 /* Frameworks */,
				7FF29482197256E000124733 /* Resources */,
			);
			buildRules = (
			);
			dependencies = (
				7FF29486197256E000124733 /* PBXTargetDependency */,
			);
			name = MarcoPolloTests;
			productName = MarcoPolloTests;
			productReference = 7FF29484197256E000124733 /* MarcoPolloTests.xctest */;
			productType = "com.apple.product-type.bundle.unit-test";
		};
/* End PBXNativeTarget section */

/* Begin PBXProject section */
		7FF2946A197256DF00124733 /* Project object */ = {
			isa = PBXProject;
			attributes = {
				LastUpgradeCheck = 0600;
				ORGANIZATIONNAME = "Derrick Ho";
				TargetAttributes = {
					7FF29471197256DF00124733 = {
						CreatedOnToolsVersion = 6.0;
					};
					7FF29483197256E000124733 = {
						CreatedOnToolsVersion = 6.0;
						TestTargetID = 7FF29471197256DF00124733;
					};
				};
			};
			buildConfigurationList = 7FF2946D197256DF00124733 /* Build configuration list for PBXProject "MarcoPollo" */;
			compatibilityVersion = "Xcode 3.2";
			developmentRegion = English;
			hasScannedForEncodings = 0;
			knownRegions = (
				en,
				Base,
			);
			mainGroup = 7FF29469197256DF00124733;
			productRefGroup = 7FF29473197256DF00124733 /* Products */;
			projectDirPath = "";
			projectRoot = "";
			targets = (
				7FF29471197256DF00124733 /* MarcoPollo */,
				7FF29483197256E000124733 /* MarcoPolloTests */,
			);
		};
/* End PBXProject section */

/* Begin PBXResourcesBuildPhase section */
		7FF29470197256DF00124733 /* Resources */ = {
			isa = PBXResourcesBuildPhase;
			buildActionMask = 2147483647;
			files = (
				7FF2947D197256E000124733 /* Main.storyboard in Resources */,
				7FF2947F197256E000124733 /* Images.xcassets in Resources */,
			);
			runOnlyForDeploymentPostprocessing = 0;
		};
		7FF29482197256E000124733 /* Resources */ = {
			isa = PBXResourcesBuildPhase;
			buildActionMask = 2147483647;
			files = (
			);
			runOnlyForDeploymentPostprocessing = 0;
		};
/* End PBXResourcesBuildPhase section */

/* Begin PBXSourcesBuildPhase section */
		7FF2946E197256DF00124733 /* Sources */ = {
			isa = PBXSourcesBuildPhase;
			buildActionMask = 2147483647;
			files = (
				7FF2947A197256E000124733 /* ViewController.swift in Sources */,
				7FF29478197256DF00124733 /* AppDelegate.swift in Sources */,
			);
			runOnlyForDeploymentPostprocessing = 0;
		};
		7FF29480197256E000124733 /* Sources */ = {
			isa = PBXSourcesBuildPhase;
			buildActionMask = 2147483647;
			files = (
				7FF2948B197256E000124733 /* MarcoPolloTests.swift in Sources */,
			);
			runOnlyForDeploymentPostprocessing = 0;
		};
/* End PBXSourcesBuildPhase section */

/* Begin PBXTargetDependency section */
		7FF29486197256E000124733 /* PBXTargetDependency */ = {
			isa = PBXTargetDependency;
			target = 7FF29471197256DF00124733 /* MarcoPollo */;
			targetProxy = 7FF29485197256E000124733 /* PBXContainerItemProxy */;
		};
/* End PBXTargetDependency section */

/* Begin PBXVariantGroup section */
		7FF2947B197256E000124733 /* Main.storyboard */ = {
			isa = PBXVariantGroup;
			children = (
				7FF2947C197256E000124733 /* Base */,
			);
			name = Main.storyboard;
			sourceTree = "<group>";
		};
/* End PBXVariantGroup section */

/* Begin XCBuildConfiguration section */
		7FF2948C197256E000124733 /* Debug */ = {
			isa = XCBuildConfiguration;
			buildSettings = {
				ALWAYS_SEARCH_USER_PATHS = NO;
				CLANG_CXX_LANGUAGE_STANDARD = "gnu++0x";
				CLANG_CXX_LIBRARY = "libc++";
				CLANG_ENABLE_MODULES = YES;
				CLANG_ENABLE_OBJC_ARC = YES;
				CLANG_WARN_BOOL_CONVERSION = YES;
				CLANG_WARN_CONSTANT_CONVERSION = YES;
				CLANG_WARN_DIRECT_OBJC_ISA_USAGE = YES_ERROR;
				CLANG_WARN_EMPTY_BODY = YES;
				CLANG_WARN_ENUM_CONVERSION = YES;
				CLANG_WARN_INT_CONVERSION = YES;
				CLANG_WARN_OBJC_ROOT_CLASS = YES_ERROR;
				CLANG_WARN_UNREACHABLE_CODE = YES;
				CLANG_WARN__DUPLICATE_METHOD_MATCH = YES;
				"CODE_SIGN_IDENTITY[sdk=iphoneos*]" = "iPhone Developer";
				COPY_PHASE_STRIP = NO;
				ENABLE_STRICT_OBJC_MSGSEND = YES;
				GCC_C_LANGUAGE_STANDARD = gnu99;
				GCC_DYNAMIC_NO_PIC = NO;
				GCC_OPTIMIZATION_LEVEL = 0;
				GCC_PREPROCESSOR_DEFINITIONS = (
					"DEBUG=1",
					"$(inherited)",
				);
				GCC_SYMBOLS_PRIVATE_EXTERN = NO;
				GCC_WARN_64_TO_32_BIT_CONVERSION = YES;
				GCC_WARN_ABOUT_RETURN_TYPE = YES_ERROR;
				GCC_WARN_UNDECLARED_SELECTOR = YES;
				GCC_WARN_UNINITIALIZED_AUTOS = YES_AGGRESSIVE;
				GCC_WARN_UNUSED_FUNCTION = YES;
				GCC_WARN_UNUSED_VARIABLE = YES;
				IPHONEOS_DEPLOYMENT_TARGET = 8.0;
				METAL_ENABLE_DEBUG_INFO = YES;
				ONLY_ACTIVE_ARCH = YES;
				SDKROOT = iphoneos;
				SWIFT_OPTIMIZATION_LEVEL = "-Onone";
			};
			name = Debug;
		};
		7FF2948D197256E000124733 /* Release */ = {
			isa = XCBuildConfiguration;
			buildSettings = {
				ALWAYS_SEARCH_USER_PATHS = NO;
				CLANG_CXX_LANGUAGE_STANDARD = "gnu++0x";
				CLANG_CXX_LIBRARY = "libc++";
				CLANG_ENABLE_MODULES = YES;
				CLANG_ENABLE_OBJC_ARC = YES;
				CLANG_WARN_BOOL_CONVERSION = YES;
				CLANG_WARN_CONSTANT_CONVERSION = YES;
				CLANG_WARN_DIRECT_OBJC_ISA_USAGE = YES_ERROR;
				CLANG_WARN_EMPTY_BODY = YES;
				CLANG_WARN_ENUM_CONVERSION = YES;
				CLANG_WARN_INT_CONVERSION = YES;
				CLANG_WARN_OBJC_ROOT_CLASS = YES_ERROR;
				CLANG_WARN_UNREACHABLE_CODE = YES;
				CLANG_WARN__DUPLICATE_METHOD_MATCH = YES;
				"CODE_SIGN_IDENTITY[sdk=iphoneos*]" = "iPhone Developer";
				COPY_PHASE_STRIP = YES;
				ENABLE_NS_ASSERTIONS = NO;
				ENABLE_STRICT_OBJC_MSGSEND = YES;
				GCC_C_LANGUAGE_STANDARD = gnu99;
				GCC_WARN_64_TO_32_BIT_CONVERSION = YES;
				GCC_WARN_ABOUT_RETURN_TYPE = YES_ERROR;
				GCC_WARN_UNDECLARED_SELECTOR = YES;
				GCC_WARN_UNINITIALIZED_AUTOS = YES_AGGRESSIVE;
				GCC_WARN_UNUSED_FUNCTION = YES;
				GCC_WARN_UNUSED_VARIABLE = YES;
				IPHONEOS_DEPLOYMENT_TARGET = 8.0;
				METAL_ENABLE_DEBUG_INFO = NO;
				SDKROOT = iphoneos;
				VALIDATE_PRODUCT = YES;
			};
			name = Release;
		};
		7FF2948F197256E000124733 /* Debug */ = {
			isa = XCBuildConfiguration;
			buildSettings = {
				ASSETCATALOG_COMPILER_APPICON_NAME = AppIcon;
				ASSETCATALOG_COMPILER_LAUNCHIMAGE_NAME = LaunchImage;
				INFOPLIST_FILE = MarcoPollo/Info.plist;
				LD_RUNPATH_SEARCH_PATHS = "$(inherited) @executable_path/Frameworks";
				PRODUCT_NAME = "$(TARGET_NAME)";
			};
			name = Debug;
		};
		7FF29490197256E000124733 /* Release */ = {
			isa = XCBuildConfiguration;
			buildSettings = {
				ASSETCATALOG_COMPILER_APPICON_NAME = AppIcon;
				ASSETCATALOG_COMPILER_LAUNCHIMAGE_NAME = LaunchImage;
				INFOPLIST_FILE = MarcoPollo/Info.plist;
				LD_RUNPATH_SEARCH_PATHS = "$(inherited) @executable_path/Frameworks";
				PRODUCT_NAME = "$(TARGET_NAME)";
			};
			name = Release;
		};
		7FF29492197256E000124733 /* Debug */ = {
			isa = XCBuildConfiguration;
			buildSettings = {
				BUNDLE_LOADER = "$(BUILT_PRODUCTS_DIR)/MarcoPollo.app/MarcoPollo";
				FRAMEWORK_SEARCH_PATHS = (
					"$(SDKROOT)/Developer/Library/Frameworks",
					"$(inherited)",
				);
				GCC_PREPROCESSOR_DEFINITIONS = (
					"DEBUG=1",
					"$(inherited)",
				);
				INFOPLIST_FILE = MarcoPolloTests/Info.plist;
				LD_RUNPATH_SEARCH_PATHS = "$(inherited) @executable_path/Frameworks @loader_path/Frameworks";
				METAL_ENABLE_DEBUG_INFO = YES;
				PRODUCT_NAME = "$(TARGET_NAME)";
				TEST_HOST = "$(BUNDLE_LOADER)";
			};
			name = Debug;
		};
		7FF29493197256E000124733 /* Release */ = {
			isa = XCBuildConfiguration;
			buildSettings = {
				BUNDLE_LOADER = "$(BUILT_PRODUCTS_DIR)/MarcoPollo.app/MarcoPollo";
				FRAMEWORK_SEARCH_PATHS = (
					"$(SDKROOT)/Developer/Library/Frameworks",
					"$(inherited)",
				);
				INFOPLIST_FILE = MarcoPolloTests/Info.plist;
				LD_RUNPATH_SEARCH_PATHS = "$(inherited) @executable_path/Frameworks @loader_path/Frameworks";
				METAL_ENABLE_DEBUG_INFO = NO;
				PRODUCT_NAME = "$(TARGET_NAME)";
				TEST_HOST = "$(BUNDLE_LOADER)";
			};
			name = Release;
		};
/* End XCBuildConfiguration section */

/* Begin XCConfigurationList section */
		7FF2946D197256DF00124733 /* Build configuration list for PBXProject "MarcoPollo" */ = {
			isa = XCConfigurationList;
			buildConfigurations = (
				7FF2948C197256E000124733 /* Debug */,
				7FF2948D197256E000124733 /* Release */,
			);
			defaultConfigurationIsVisible = 0;
			defaultConfigurationName = Release;
		};
		7FF2948E197256E000124733 /* Build configuration list for PBXNativeTarget "MarcoPollo" */ = {
			isa = XCConfigurationList;
			buildConfigurations = (
				7FF2948F197256E000124733 /* Debug */,
				7FF29490197256E000124733 /* Release */,
			);
			defaultConfigurationIsVisible = 0;
		};
		7FF29491197256E000124733 /* Build configuration list for PBXNativeTarget "MarcoPolloTests" */ = {
			isa = XCConfigurationList;
			buildConfigurations = (
				7FF29492197256E000124733 /* Debug */,
				7FF29493197256E000124733 /* Release */,
			);
			defaultConfigurationIsVisible = 0;
		};
/* End XCConfigurationList section */
	};
	rootObject = 7FF2946A197256DF00124733 /* Project object */;
}
